github.com/ngaut/log v0.0.0-20210830112240-0124ec040aeb h1:XL3Y/FWIBw1bONrCJwXH+JWCI+usIo9EoaHRQNeJoPo=
github.com/ngaut/log v0.0.0-20210830112240-0124ec040aeb/go.mod h1:ueVCjKQllPmX7uEvCYnZD5b8qjidGf1TCH61arVe4SU=
github.com/wumansgy/goEncrypt v1.0.0 h1:ef7vfz2ezOtyHMIjDt8b+v5RhrVtQL1TO6qDhA6Hb2U=
github.com/wumansgy/goEncrypt v1.0.0/go.mod h1:d0Tq90dl4xqZEiphQ7dAVEPxcefmY2hSiATq3BfgsVY=
gopkg.in/check.v1 v0.0.0-20161208181325-20d25e280405 h1:yhCVgyC4o1eVCa2tZl7eS0r+SDo693bJlVdllGtEeKM=
gopkg.in/check.v1 v0.0.0-20161208181325-20d25e280405/go.mod h1:Co6ibVJAznAaIkqp8huTwlJQCZ016jof/cbN4VW5Yz0=
gopkg.in/yaml.v2 v2.4.0 h1:D8xgwECY7CYvx+Y2n4sBz93Jn9JRvxdiyyo8CTfuKaY=
gopkg.in/yaml.v2 v2.4.0/go.mod h1:RDklbk79AGWmwhnvt/jBztapEOGDOx6ZbXqjP6csGnQ=
